
Microsoft Visual Studio Solution File, Format Version 12.00
# Visual Studio Version 16
VisualStudioVersion = 16.0.31515.178
MinimumVisualStudioVersion = 10.0.40219.1
Project("{8BC9CEB8-8B4A-11D0-8D11-00A0C91BC942}") = "Snowflakes_LinkedList", "Snowflakes_LinkedList\Snowflakes_LinkedList.vcxproj", "{CEC26DDD-3437-4F46-9666-CCC4FC954350}"
EndProject
Global
	GlobalSection(SolutionConfigurationPlatforms) = preSolution
		Debug|x64 = Debug|x64
		Debug|x86 = Debug|x86
		Release|x64 = Release|x64
		Release|x86 = Release|x86
	EndGlobalSection
	GlobalSection(ProjectConfigurationPlatforms) = postSolution
		{CEC26DDD-3437-4F46-9666-CCC4FC954350}.Debug|x64.ActiveCfg = Debug|x64
		{CEC26DDD-3437-4F46-9666-CCC4FC954350}.Debug|x64.Build.0 = Debug|x64
		{CEC26DDD-3437-4F46-9666-CCC4FC954350}.Debug|x86.ActiveCfg = Debug|Win32
		{CEC26DDD-3437-4F46-9666-CCC4FC954350}.Debug|x86.Build.0 = Debug|Win32
		{CEC26DDD-3437-4F46-9666-CCC4FC954350}.Release|x64.ActiveCfg = Release|x64
		{CEC26DDD-3437-4F46-9666-CCC4FC954350}.Release|x64.Build.0 = Release|x64
		{CEC26DDD-3437-4F46-9666-CCC4FC954350}.Release|x86.ActiveCfg = Release|Win32
		{CEC26DDD-3437-4F46-9666-CCC4FC954350}.Release|x86.Build.0 = Release|Win32
	EndGlobalSection
	GlobalSection(SolutionProperties) = preSolution
		HideSolutionNode = FALSE
	EndGlobalSection
	GlobalSection(ExtensibilityGlobals) = postSolution
		SolutionGuid = {3C6F1F22-24E1-46E1-B4C4-5CF29DF5CD9A}
	EndGlobalSection
EndGlobal
